// !$*UTF8*$!
{
	archiveVersion = 1;
	classes = {
	};
	objectVersion = 46;
	objects = {

/* Begin PBXBuildFile section */
		121432E71B689FEE009073FE /* HZIndicatorView.m in Sources */ = {isa = PBXBuildFile; fileRef = 121432E01B689FEE009073FE /* HZIndicatorView.m */; };
		121432E81B689FEE009073FE /* HZPhotoBrowser.m in Sources */ = {isa = PBXBuildFile; fileRef = 121432E21B689FEE009073FE /* HZPhotoBrowser.m */; };
		121432E91B689FEE009073FE /* HZPhotoBrowserView.m in Sources */ = {isa = PBXBuildFile; fileRef = 121432E51B689FEE009073FE /* HZPhotoBrowserView.m */; };
		121432EA1B689FEE009073FE /* whiteplaceholder.png in Resources */ = {isa = PBXBuildFile; fileRef = 121432E61B689FEE009073FE /* whiteplaceholder.png */; };
		121432F31B68AB84009073FE /* libWeChatSDK.a in Frameworks */ = {isa = PBXBuildFile; fileRef = 121432ED1B68AB84009073FE /* libWeChatSDK.a */; };
		121432F41B68AB84009073FE /* WeChatActivityGeneral.swift in Sources */ = {isa = PBXBuildFile; fileRef = 121432F01B68AB84009073FE /* WeChatActivityGeneral.swift */; };
		121432F51B68AB84009073FE /* WeChatMomentsActivity.swift in Sources */ = {isa = PBXBuildFile; fileRef = 121432F11B68AB84009073FE /* WeChatMomentsActivity.swift */; };
		121432F61B68AB84009073FE /* WeChatSessionActivity.swift in Sources */ = {isa = PBXBuildFile; fileRef = 121432F21B68AB84009073FE /* WeChatSessionActivity.swift */; };
		1216CE7D1B68867000B10DAD /* Cartfile in Resources */ = {isa = PBXBuildFile; fileRef = 1216CE7C1B68867000B10DAD /* Cartfile */; };
		1287D1E21B6B157D00C81CE9 /* gif.gif in Resources */ = {isa = PBXBuildFile; fileRef = 1287D1E11B6B157D00C81CE9 /* gif.gif */; };
		12A8129C1B6B706D00A34F58 /* LoginController.swift in Sources */ = {isa = PBXBuildFile; fileRef = 12A8129B1B6B706D00A34F58 /* LoginController.swift */; };
		12A8129E1B6B708700A34F58 /* RegController.swift in Sources */ = {isa = PBXBuildFile; fileRef = 12A8129D1B6B708700A34F58 /* RegController.swift */; };
		12A812A01B6B724D00A34F58 /* UploadPhotoViewController.swift in Sources */ = {isa = PBXBuildFile; fileRef = 12A8129F1B6B724D00A34F58 /* UploadPhotoViewController.swift */; };
		12BDFE781B67BA6E0068A1DC /* AppDelegate.swift in Sources */ = {isa = PBXBuildFile; fileRef = 12BDFE771B67BA6E0068A1DC /* AppDelegate.swift */; };
		12BDFE7A1B67BA6E0068A1DC /* ViewController.swift in Sources */ = {isa = PBXBuildFile; fileRef = 12BDFE791B67BA6E0068A1DC /* ViewController.swift */; };
		12BDFE821B67BA6E0068A1DC /* LaunchScreen.xib in Resources */ = {isa = PBXBuildFile; fileRef = 12BDFE801B67BA6E0068A1DC /* LaunchScreen.xib */; };
		12BDFE8E1B67BA6E0068A1DC /* BoluoboluomiTests.swift in Sources */ = {isa = PBXBuildFile; fileRef = 12BDFE8D1B67BA6E0068A1DC /* BoluoboluomiTests.swift */; };
		12BDFEAA1B67BADF0068A1DC /* Podfile in Resources */ = {isa = PBXBuildFile; fileRef = 12BDFEA91B67BADF0068A1DC /* Podfile */; };
		12BDFEE21B67BB0A0068A1DC /* MJRefreshAutoFooter.m in Sources */ = {isa = PBXBuildFile; fileRef = 12BDFEAE1B67BB0A0068A1DC /* MJRefreshAutoFooter.m */; };
		12BDFEE31B67BB0A0068A1DC /* MJRefreshBackFooter.m in Sources */ = {isa = PBXBuildFile; fileRef = 12BDFEB01B67BB0A0068A1DC /* MJRefreshBackFooter.m */; };
		12BDFEE41B67BB0A0068A1DC /* MJRefreshComponent.m in Sources */ = {isa = PBXBuildFile; fileRef = 12BDFEB21B67BB0A0068A1DC /* MJRefreshComponent.m */; };
		12BDFEE51B67BB0A0068A1DC /* MJRefreshFooter.m in Sources */ = {isa = PBXBuildFile; fileRef = 12BDFEB41B67BB0A0068A1DC /* MJRefreshFooter.m */; };
		12BDFEE61B67BB0A0068A1DC /* MJRefreshHeader.m in Sources */ = {isa = PBXBuildFile; fileRef = 12BDFEB61B67BB0A0068A1DC /* MJRefreshHeader.m */; };
		12BDFEE71B67BB0A0068A1DC /* MJRefreshAutoGifFooter.m in Sources */ = {isa = PBXBuildFile; fileRef = 12BDFEBB1B67BB0A0068A1DC /* MJRefreshAutoGifFooter.m */; };
		12BDFEE81B67BB0A0068A1DC /* MJRefreshAutoNormalFooter.m in Sources */ = {isa = PBXBuildFile; fileRef = 12BDFEBD1B67BB0A0068A1DC /* MJRefreshAutoNormalFooter.m */; };
		12BDFEE91B67BB0A0068A1DC /* MJRefreshAutoStateFooter.m in Sources */ = {isa = PBXBuildFile; fileRef = 12BDFEBF1B67BB0A0068A1DC /* MJRefreshAutoStateFooter.m */; };
		12BDFEEA1B67BB0A0068A1DC /* MJRefreshBackGifFooter.m in Sources */ = {isa = PBXBuildFile; fileRef = 12BDFEC21B67BB0A0068A1DC /* MJRefreshBackGifFooter.m */; };
		12BDFEEB1B67BB0A0068A1DC /* MJRefreshBackNormalFooter.m in Sources */ = {isa = PBXBuildFile; fileRef = 12BDFEC41B67BB0A0068A1DC /* MJRefreshBackNormalFooter.m */; };
		12BDFEEC1B67BB0A0068A1DC /* MJRefreshBackStateFooter.m in Sources */ = {isa = PBXBuildFile; fileRef = 12BDFEC61B67BB0A0068A1DC /* MJRefreshBackStateFooter.m */; };
		12BDFEED1B67BB0A0068A1DC /* MJRefreshGifHeader.m in Sources */ = {isa = PBXBuildFile; fileRef = 12BDFEC91B67BB0A0068A1DC /* MJRefreshGifHeader.m */; };
		12BDFEEE1B67BB0A0068A1DC /* MJRefreshNormalHeader.m in Sources */ = {isa = PBXBuildFile; fileRef = 12BDFECB1B67BB0A0068A1DC /* MJRefreshNormalHeader.m */; };
		12BDFEEF1B67BB0A0068A1DC /* MJRefreshStateHeader.m in Sources */ = {isa = PBXBuildFile; fileRef = 12BDFECD1B67BB0A0068A1DC /* MJRefreshStateHeader.m */; };
		12BDFEF01B67BB0A0068A1DC /* MJRefresh.bundle in Resources */ = {isa = PBXBuildFile; fileRef = 12BDFECE1B67BB0A0068A1DC /* MJRefresh.bundle */; };
		12BDFEF11B67BB0A0068A1DC /* MJRefreshConst.m in Sources */ = {isa = PBXBuildFile; fileRef = 12BDFED11B67BB0A0068A1DC /* MJRefreshConst.m */; };
		12BDFEF21B67BB0A0068A1DC /* UIScrollView+MJExtension.m in Sources */ = {isa = PBXBuildFile; fileRef = 12BDFED31B67BB0A0068A1DC /* UIScrollView+MJExtension.m */; };
		12BDFEF31B67BB0A0068A1DC /* UIScrollView+MJRefresh.m in Sources */ = {isa = PBXBuildFile; fileRef = 12BDFED51B67BB0A0068A1DC /* UIScrollView+MJRefresh.m */; };
		12BDFEF41B67BB0A0068A1DC /* UIView+MJExtension.m in Sources */ = {isa = PBXBuildFile; fileRef = 12BDFED71B67BB0A0068A1DC /* UIView+MJExtension.m */; };
		12BDFEF51B67BB0A0068A1DC /* ProgressHUD.bundle in Resources */ = {isa = PBXBuildFile; fileRef = 12BDFED91B67BB0A0068A1DC /* ProgressHUD.bundle */; };
		12BDFEF61B67BB0A0068A1DC /* ProgressHUD.m in Sources */ = {isa = PBXBuildFile; fileRef = 12BDFEDB1B67BB0A0068A1DC /* ProgressHUD.m */; };
		12BDFEFB1B67BB460068A1DC /* CommentsViewController.swift in Sources */ = {isa = PBXBuildFile; fileRef = 12BDFEFA1B67BB460068A1DC /* CommentsViewController.swift */; };
		12BDFF001B67BB580068A1DC /* DiscoverTableViewController.swift in Sources */ = {isa = PBXBuildFile; fileRef = 12BDFEFC1B67BB580068A1DC /* DiscoverTableViewController.swift */; };
		12BDFF011B67BB580068A1DC /* GagItem.swift in Sources */ = {isa = PBXBuildFile; fileRef = 12BDFEFD1B67BB580068A1DC /* GagItem.swift */; };
		12BDFF021B67BB580068A1DC /* GagTableViewController.swift in Sources */ = {isa = PBXBuildFile; fileRef = 12BDFEFE1B67BB580068A1DC /* GagTableViewController.swift */; };
		12BDFF051B67BB600068A1DC /* SettingTableViewController.swift in Sources */ = {isa = PBXBuildFile; fileRef = 12BDFF041B67BB600068A1DC /* SettingTableViewController.swift */; };
		12BDFF071B67BB970068A1DC /* Images.xcassets in Resources */ = {isa = PBXBuildFile; fileRef = 12BDFF061B67BB970068A1DC /* Images.xcassets */; };
		12BDFF091B67BBBA0068A1DC /* Main.storyboard in Resources */ = {isa = PBXBuildFile; fileRef = 12BDFF081B67BBBA0068A1DC /* Main.storyboard */; };
		12D088221B6F1F5C00D1A14A /* ServiceApi.swift in Sources */ = {isa = PBXBuildFile; fileRef = 12D088211B6F1F5C00D1A14A /* ServiceApi.swift */; };
		12D088251B6F2BCC00D1A14A /* Utility.swift in Sources */ = {isa = PBXBuildFile; fileRef = 12D088241B6F2BCC00D1A14A /* Utility.swift */; };
		12F968471B67C8500054B6DC /* CustomTableViewCell.swift in Sources */ = {isa = PBXBuildFile; fileRef = 12F968461B67C8500054B6DC /* CustomTableViewCell.swift */; };
		E56CADC84A0A836CEAD1B191 /* Pods.framework in Frameworks */ = {isa = PBXBuildFile; fileRef = 97A432C44C0C46096793631F /* Pods.framework */; settings = {ATTRIBUTES = (Weak, ); }; };
/* End PBXBuildFile section */

/* Begin PBXContainerItemProxy section */
		12BDFE881B67BA6E0068A1DC /* PBXContainerItemProxy */ = {
			isa = PBXContainerItemProxy;
			containerPortal = 12BDFE6A1B67BA6E0068A1DC /* Project object */;
			proxyType = 1;
			remoteGlobalIDString = 12BDFE711B67BA6E0068A1DC;
			remoteInfo = Boluoboluomi;
		};
/* End PBXContainerItemProxy section */

/* Begin PBXFileReference section */
		01B6A62EF1F9801EF1D32AF7 /* Pods.debug.xcconfig */ = {isa = PBXFileReference; includeInIndex = 1; lastKnownFileType = text.xcconfig; name = Pods.debug.xcconfig; path = "Pods/Target Support Files/Pods/Pods.debug.xcconfig"; sourceTree = "<group>"; };
		121432DF1B689FEE009073FE /* HZIndicatorView.h */ = {isa = PBXFileReference; fileEncoding = 4; lastKnownFileType = sourcecode.c.h; path = HZIndicatorView.h; sourceTree = "<group>"; };
		121432E01B689FEE009073FE /* HZIndicatorView.m */ = {isa = PBXFileReference; fileEncoding = 4; lastKnownFileType = sourcecode.c.objc; path = HZIndicatorView.m; sourceTree = "<group>"; };
		121432E11B689FEE009073FE /* HZPhotoBrowser.h */ = {isa = PBXFileReference; fileEncoding = 4; lastKnownFileType = sourcecode.c.h; path = HZPhotoBrowser.h; sourceTree = "<group>"; };
		121432E21B689FEE009073FE /* HZPhotoBrowser.m */ = {isa = PBXFileReference; fileEncoding = 4; lastKnownFileType = sourcecode.c.objc; path = HZPhotoBrowser.m; sourceTree = "<group>"; };
		121432E31B689FEE009073FE /* HZPhotoBrowserConfig.h */ = {isa = PBXFileReference; fileEncoding = 4; lastKnownFileType = sourcecode.c.h; path = HZPhotoBrowserConfig.h; sourceTree = "<group>"; };
		121432E41B689FEE009073FE /* HZPhotoBrowserView.h */ = {isa = PBXFileReference; fileEncoding = 4; lastKnownFileType = sourcecode.c.h; path = HZPhotoBrowserView.h; sourceTree = "<group>"; };
		121432E51B689FEE009073FE /* HZPhotoBrowserView.m */ = {isa = PBXFileReference; fileEncoding = 4; lastKnownFileType = sourcecode.c.objc; path = HZPhotoBrowserView.m; sourceTree = "<group>"; };
		121432E61B689FEE009073FE /* whiteplaceholder.png */ = {isa = PBXFileReference; lastKnownFileType = image.png; path = whiteplaceholder.png; sourceTree = "<group>"; };
		121432ED1B68AB84009073FE /* libWeChatSDK.a */ = {isa = PBXFileReference; lastKnownFileType = archive.ar; path = libWeChatSDK.a; sourceTree = "<group>"; };
		121432EE1B68AB84009073FE /* WXApi.h */ = {isa = PBXFileReference; fileEncoding = 4; lastKnownFileType = sourcecode.c.h; path = WXApi.h; sourceTree = "<group>"; };
		121432EF1B68AB84009073FE /* WXApiObject.h */ = {isa = PBXFileReference; fileEncoding = 4; lastKnownFileType = sourcecode.c.h; path = WXApiObject.h; sourceTree = "<group>"; };
		121432F01B68AB84009073FE /* WeChatActivityGeneral.swift */ = {isa = PBXFileReference; fileEncoding = 4; lastKnownFileType = sourcecode.swift; path = WeChatActivityGeneral.swift; sourceTree = "<group>"; };
		121432F11B68AB84009073FE /* WeChatMomentsActivity.swift */ = {isa = PBXFileReference; fileEncoding = 4; lastKnownFileType = sourcecode.swift; path = WeChatMomentsActivity.swift; sourceTree = "<group>"; };
		121432F21B68AB84009073FE /* WeChatSessionActivity.swift */ = {isa = PBXFileReference; fileEncoding = 4; lastKnownFileType = sourcecode.swift; path = WeChatSessionActivity.swift; sourceTree = "<group>"; };
		1216CE7C1B68867000B10DAD /* Cartfile */ = {isa = PBXFileReference; fileEncoding = 4; lastKnownFileType = text; path = Cartfile; sourceTree = "<group>"; };
		1287D1E11B6B157D00C81CE9 /* gif.gif */ = {isa = PBXFileReference; lastKnownFileType = image.gif; path = gif.gif; sourceTree = "<group>"; };
		12A8129B1B6B706D00A34F58 /* LoginController.swift */ = {isa = PBXFileReference; fileEncoding = 4; lastKnownFileType = sourcecode.swift; path = LoginController.swift; sourceTree = "<group>"; };
		12A8129D1B6B708700A34F58 /* RegController.swift */ = {isa = PBXFileReference; fileEncoding = 4; lastKnownFileType = sourcecode.swift; path = RegController.swift; sourceTree = "<group>"; };
		12A8129F1B6B724D00A34F58 /* UploadPhotoViewController.swift */ = {isa = PBXFileReference; fileEncoding = 4; lastKnownFileType = sourcecode.swift; path = UploadPhotoViewController.swift; sourceTree = "<group>"; };
		12BDFE721B67BA6E0068A1DC /* 菠萝菠萝蜜.app */ = {isa = PBXFileReference; explicitFileType = wrapper.application; includeInIndex = 0; path = "菠萝菠萝蜜.app"; sourceTree = BUILT_PRODUCTS_DIR; };
		12BDFE761B67BA6E0068A1DC /* Info.plist */ = {isa = PBXFileReference; lastKnownFileType = text.plist.xml; path = Info.plist; sourceTree = "<group>"; };
		12BDFE771B67BA6E0068A1DC /* AppDelegate.swift */ = {isa = PBXFileReference; lastKnownFileType = sourcecode.swift; path = AppDelegate.swift; sourceTree = "<group>"; };
		12BDFE791B67BA6E0068A1DC /* ViewController.swift */ = {isa = PBXFileReference; lastKnownFileType = sourcecode.swift; path = ViewController.swift; sourceTree = "<group>"; };
		12BDFE811B67BA6E0068A1DC /* Base */ = {isa = PBXFileReference; lastKnownFileType = file.xib; name = Base; path = Base.lproj/LaunchScreen.xib; sourceTree = "<group>"; };
		12BDFE871B67BA6E0068A1DC /* BoluoboluomiTests.xctest */ = {isa = PBXFileReference; explicitFileType = wrapper.cfbundle; includeInIndex = 0; path = BoluoboluomiTests.xctest; sourceTree = BUILT_PRODUCTS_DIR; };
		12BDFE8C1B67BA6E0068A1DC /* Info.plist */ = {isa = PBXFileReference; lastKnownFileType = text.plist.xml; path = Info.plist; sourceTree = "<group>"; };
		12BDFE8D1B67BA6E0068A1DC /* BoluoboluomiTests.swift */ = {isa = PBXFileReference; lastKnownFileType = sourcecode.swift; path = BoluoboluomiTests.swift; sourceTree = "<group>"; };
		12BDFEA91B67BADF0068A1DC /* Podfile */ = {isa = PBXFileReference; fileEncoding = 4; lastKnownFileType = text; path = Podfile; sourceTree = "<group>"; xcLanguageSpecificationIdentifier = xcode.lang.ruby; };
		12BDFEAD1B67BB0A0068A1DC /* MJRefreshAutoFooter.h */ = {isa = PBXFileReference; fileEncoding = 4; lastKnownFileType = sourcecode.c.h; path = MJRefreshAutoFooter.h; sourceTree = "<group>"; };
		12BDFEAE1B67BB0A0068A1DC /* MJRefreshAutoFooter.m */ = {isa = PBXFileReference; fileEncoding = 4; lastKnownFileType = sourcecode.c.objc; path = MJRefreshAutoFooter.m; sourceTree = "<group>"; };
		12BDFEAF1B67BB0A0068A1DC /* MJRefreshBackFooter.h */ = {isa = PBXFileReference; fileEncoding = 4; lastKnownFileType = sourcecode.c.h; path = MJRefreshBackFooter.h; sourceTree = "<group>"; };
		12BDFEB01B67BB0A0068A1DC /* MJRefreshBackFooter.m */ = {isa = PBXFileReference; fileEncoding = 4; lastKnownFileType = sourcecode.c.objc; path = MJRefreshBackFooter.m; sourceTree = "<group>"; };
		12BDFEB11B67BB0A0068A1DC /* MJRefreshComponent.h */ = {isa = PBXFileReference; fileEncoding = 4; lastKnownFileType = sourcecode.c.h; path = MJRefreshComponent.h; sourceTree = "<group>"; };
		12BDFEB21B67BB0A0068A1DC /* MJRefreshComponent.m */ = {isa = PBXFileReference; fileEncoding = 4; lastKnownFileType = sourcecode.c.objc; path = MJRefreshComponent.m; sourceTree = "<group>"; };
		12BDFEB31B67BB0A0068A1DC /* MJRefreshFooter.h */ = {isa = PBXFileReference; fileEncoding = 4; lastKnownFileType = sourcecode.c.h; path = MJRefreshFooter.h; sourceTree = "<group>"; };
		12BDFEB41B67BB0A0068A1DC /* MJRefreshFooter.m */ = {isa = PBXFileReference; fileEncoding = 4; lastKnownFileType = sourcecode.c.objc; path = MJRefreshFooter.m; sourceTree = "<group>"; };
		12BDFEB51B67BB0A0068A1DC /* MJRefreshHeader.h */ = {isa = PBXFileReference; fileEncoding = 4; lastKnownFileType = sourcecode.c.h; path = MJRefreshHeader.h; sourceTree = "<group>"; };
		12BDFEB61B67BB0A0068A1DC /* MJRefreshHeader.m */ = {isa = PBXFileReference; fileEncoding = 4; lastKnownFileType = sourcecode.c.objc; path = MJRefreshHeader.m; sourceTree = "<group>"; };
		12BDFEBA1B67BB0A0068A1DC /* MJRefreshAutoGifFooter.h */ = {isa = PBXFileReference; fileEncoding = 4; lastKnownFileType = sourcecode.c.h; path = MJRefreshAutoGifFooter.h; sourceTree = "<group>"; };
		12BDFEBB1B67BB0A0068A1DC /* MJRefreshAutoGifFooter.m */ = {isa = PBXFileReference; fileEncoding = 4; lastKnownFileType = sourcecode.c.objc; path = MJRefreshAutoGifFooter.m; sourceTree = "<group>"; };
		12BDFEBC1B67BB0A0068A1DC /* MJRefreshAutoNormalFooter.h */ = {isa = PBXFileReference; fileEncoding = 4; lastKnownFileType = sourcecode.c.h; path = MJRefreshAutoNormalFooter.h; sourceTree = "<group>"; };
		12BDFEBD1B67BB0A0068A1DC /* MJRefreshAutoNormalFooter.m */ = {isa = PBXFileReference; fileEncoding = 4; lastKnownFileType = sourcecode.c.objc; path = MJRefreshAutoNormalFooter.m; sourceTree = "<group>"; };
		12BDFEBE1B67BB0A0068A1DC /* MJRefreshAutoStateFooter.h */ = {isa = PBXFileReference; fileEncoding = 4; lastKnownFileType = sourcecode.c.h; path = MJRefreshAutoStateFooter.h; sourceTree = "<group>"; };
		12BDFEBF1B67BB0A0068A1DC /* MJRefreshAutoStateFooter.m */ = {isa = PBXFileReference; fileEncoding = 4; lastKnownFileType = sourcecode.c.objc; path = MJRefreshAutoStateFooter.m; sourceTree = "<group>"; };
		12BDFEC11B67BB0A0068A1DC /* MJRefreshBackGifFooter.h */ = {isa = PBXFileReference; fileEncoding = 4; lastKnownFileType = sourcecode.c.h; path = MJRefreshBackGifFooter.h; sourceTree = "<group>"; };
		12BDFEC21B67BB0A0068A1DC /* MJRefreshBackGifFooter.m */ = {isa = PBXFileReference; fileEncoding = 4; lastKnownFileType = sourcecode.c.objc; path = MJRefreshBackGifFooter.m; sourceTree = "<group>"; };
		12BDFEC31B67BB0A0068A1DC /* MJRefreshBackNormalFooter.h */ = {isa = PBXFileReference; fileEncoding = 4; lastKnownFileType = sourcecode.c.h; path = MJRefreshBackNormalFooter.h; sourceTree = "<group>"; };
		12BDFEC41B67BB0A0068A1DC /* MJRefreshBackNormalFooter.m */ = {isa = PBXFileReference; fileEncoding = 4; lastKnownFileType = sourcecode.c.objc; path = MJRefreshBackNormalFooter.m; sourceTree = "<group>"; };
		12BDFEC51B67BB0A0068A1DC /* MJRefreshBackStateFooter.h */ = {isa = PBXFileReference; fileEncoding = 4; lastKnownFileType = sourcecode.c.h; path = MJRefreshBackStateFooter.h; sourceTree = "<group>"; };
		12BDFEC61B67BB0A0068A1DC /* MJRefreshBackStateFooter.m */ = {isa = PBXFileReference; fileEncoding = 4; lastKnownFileType = sourcecode.c.objc; path = MJRefreshBackStateFooter.m; sourceTree = "<group>"; };
		12BDFEC81B67BB0A0068A1DC /* MJRefreshGifHeader.h */ = {isa = PBXFileReference; fileEncoding = 4; lastKnownFileType = sourcecode.c.h; path = MJRefreshGifHeader.h; sourceTree = "<group>"; };
		12BDFEC91B67BB0A0068A1DC /* MJRefreshGifHeader.m */ = {isa = PBXFileReference; fileEncoding = 4; lastKnownFileType = sourcecode.c.objc; path = MJRefreshGifHeader.m; sourceTree = "<group>"; };
		12BDFECA1B67BB0A0068A1DC /* MJRefreshNormalHeader.h */ = {isa = PBXFileReference; fileEncoding = 4; lastKnownFileType = sourcecode.c.h; path = MJRefreshNormalHeader.h; sourceTree = "<group>"; };
		12BDFECB1B67BB0A0068A1DC /* MJRefreshNormalHeader.m */ = {isa = PBXFileReference; fileEncoding = 4; lastKnownFileType = sourcecode.c.objc; path = MJRefreshNormalHeader.m; sourceTree = "<group>"; };
		12BDFECC1B67BB0A0068A1DC /* MJRefreshStateHeader.h */ = {isa = PBXFileReference; fileEncoding = 4; lastKnownFileType = sourcecode.c.h; path = MJRefreshStateHeader.h; sourceTree = "<group>"; };
		12BDFECD1B67BB0A0068A1DC /* MJRefreshStateHeader.m */ = {isa = PBXFileReference; fileEncoding = 4; lastKnownFileType = sourcecode.c.objc; path = MJRefreshStateHeader.m; sourceTree = "<group>"; };
		12BDFECE1B67BB0A0068A1DC /* MJRefresh.bundle */ = {isa = PBXFileReference; lastKnownFileType = "wrapper.plug-in"; path = MJRefresh.bundle; sourceTree = "<group>"; };
		12BDFECF1B67BB0A0068A1DC /* MJRefresh.h */ = {isa = PBXFileReference; fileEncoding = 4; lastKnownFileType = sourcecode.c.h; path = MJRefresh.h; sourceTree = "<group>"; };
		12BDFED01B67BB0A0068A1DC /* MJRefreshConst.h */ = {isa = PBXFileReference; fileEncoding = 4; lastKnownFileType = sourcecode.c.h; path = MJRefreshConst.h; sourceTree = "<group>"; };
		12BDFED11B67BB0A0068A1DC /* MJRefreshConst.m */ = {isa = PBXFileReference; fileEncoding = 4; lastKnownFileType = sourcecode.c.objc; path = MJRefreshConst.m; sourceTree = "<group>"; };
		12BDFED21B67BB0A0068A1DC /* UIScrollView+MJExtension.h */ = {isa = PBXFileReference; fileEncoding = 4; lastKnownFileType = sourcecode.c.h; path = "UIScrollView+MJExtension.h"; sourceTree = "<group>"; };
		12BDFED31B67BB0A0068A1DC /* UIScrollView+MJExtension.m */ = {isa = PBXFileReference; fileEncoding = 4; lastKnownFileType = sourcecode.c.objc; path = "UIScrollView+MJExtension.m"; sourceTree = "<group>"; };
		12BDFED41B67BB0A0068A1DC /* UIScrollView+MJRefresh.h */ = {isa = PBXFileReference; fileEncoding = 4; lastKnownFileType = sourcecode.c.h; path = "UIScrollView+MJRefresh.h"; sourceTree = "<group>"; };
		12BDFED51B67BB0A0068A1DC /* UIScrollView+MJRefresh.m */ = {isa = PBXFileReference; fileEncoding = 4; lastKnownFileType = sourcecode.c.objc; path = "UIScrollView+MJRefresh.m"; sourceTree = "<group>"; };
		12BDFED61B67BB0A0068A1DC /* UIView+MJExtension.h */ = {isa = PBXFileReference; fileEncoding = 4; lastKnownFileType = sourcecode.c.h; path = "UIView+MJExtension.h"; sourceTree = "<group>"; };
		12BDFED71B67BB0A0068A1DC /* UIView+MJExtension.m */ = {isa = PBXFileReference; fileEncoding = 4; lastKnownFileType = sourcecode.c.objc; path = "UIView+MJExtension.m"; sourceTree = "<group>"; };
		12BDFED91B67BB0A0068A1DC /* ProgressHUD.bundle */ = {isa = PBXFileReference; lastKnownFileType = "wrapper.plug-in"; path = ProgressHUD.bundle; sourceTree = "<group>"; };
		12BDFEDA1B67BB0A0068A1DC /* ProgressHUD.h */ = {isa = PBXFileReference; fileEncoding = 4; lastKnownFileType = sourcecode.c.h; path = ProgressHUD.h; sourceTree = "<group>"; };
		12BDFEDB1B67BB0A0068A1DC /* ProgressHUD.m */ = {isa = PBXFileReference; fileEncoding = 4; lastKnownFileType = sourcecode.c.objc; path = ProgressHUD.m; sourceTree = "<group>"; };
		12BDFEF91B67BB460068A1DC /* bridge.h */ = {isa = PBXFileReference; fileEncoding = 4; lastKnownFileType = sourcecode.c.h; path = bridge.h; sourceTree = "<group>"; };
		12BDFEFA1B67BB460068A1DC /* CommentsViewController.swift */ = {isa = PBXFileReference; fileEncoding = 4; lastKnownFileType = sourcecode.swift; path = CommentsViewController.swift; sourceTree = "<group>"; };
		12BDFEFC1B67BB580068A1DC /* DiscoverTableViewController.swift */ = {isa = PBXFileReference; fileEncoding = 4; lastKnownFileType = sourcecode.swift; path = DiscoverTableViewController.swift; sourceTree = "<group>"; };
		12BDFEFD1B67BB580068A1DC /* GagItem.swift */ = {isa = PBXFileReference; fileEncoding = 4; lastKnownFileType = sourcecode.swift; path = GagItem.swift; sourceTree = "<group>"; };
		12BDFEFE1B67BB580068A1DC /* GagTableViewController.swift */ = {isa = PBXFileReference; fileEncoding = 4; lastKnownFileType = sourcecode.swift; path = GagTableViewController.swift; sourceTree = "<group>"; };
		12BDFF041B67BB600068A1DC /* SettingTableViewController.swift */ = {isa = PBXFileReference; fileEncoding = 4; lastKnownFileType = sourcecode.swift; path = SettingTableViewController.swift; sourceTree = "<group>"; };
		12BDFF061B67BB970068A1DC /* Images.xcassets */ = {isa = PBXFileReference; lastKnownFileType = folder.assetcatalog; path = Images.xcassets; sourceTree = "<group>"; };
		12BDFF081B67BBBA0068A1DC /* Main.storyboard */ = {isa = PBXFileReference; fileEncoding = 4; lastKnownFileType = file.storyboard; path = Main.storyboard; sourceTree = "<group>"; };
		12D088211B6F1F5C00D1A14A /* ServiceApi.swift */ = {isa = PBXFileReference; fileEncoding = 4; lastKnownFileType = sourcecode.swift; path = ServiceApi.swift; sourceTree = "<group>"; };
		12D088241B6F2BCC00D1A14A /* Utility.swift */ = {isa = PBXFileReference; fileEncoding = 4; lastKnownFileType = sourcecode.swift; path = Utility.swift; sourceTree = "<group>"; };
		12F968461B67C8500054B6DC /* CustomTableViewCell.swift */ = {isa = PBXFileReference; fileEncoding = 4; lastKnownFileType = sourcecode.swift; path = CustomTableViewCell.swift; sourceTree = "<group>"; };
		2A78FA542A696BF5A1963713 /* Pods.release.xcconfig */ = {isa = PBXFileReference; includeInIndex = 1; lastKnownFileType = text.xcconfig; name = Pods.release.xcconfig; path = "Pods/Target Support Files/Pods/Pods.release.xcconfig"; sourceTree = "<group>"; };
		97A432C44C0C46096793631F /* Pods.framework */ = {isa = PBXFileReference; explicitFileType = wrapper.framework; includeInIndex = 0; path = Pods.framework; sourceTree = BUILT_PRODUCTS_DIR; };
/* End PBXFileReference section */

/* Begin PBXFrameworksBuildPhase section */
		12BDFE6F1B67BA6E0068A1DC /* Frameworks */ = {
			isa = PBXFrameworksBuildPhase;
			buildActionMask = 2147483647;
			files = (
				121432F31B68AB84009073FE /* libWeChatSDK.a in Frameworks */,
				E56CADC84A0A836CEAD1B191 /* Pods.framework in Frameworks */,
			);
			runOnlyForDeploymentPostprocessing = 0;
		};
		12BDFE841B67BA6E0068A1DC /* Frameworks */ = {
			isa = PBXFrameworksBuildPhase;
			buildActionMask = 2147483647;
			files = (
			);
			runOnlyForDeploymentPostprocessing = 0;
		};
/* End PBXFrameworksBuildPhase section */

/* Begin PBXGroup section */
		121432DE1B689FEE009073FE /* HZPhotoBrowser */ = {
			isa = PBXGroup;
			children = (
				121432DF1B689FEE009073FE /* HZIndicatorView.h */,
				121432E01B689FEE009073FE /* HZIndicatorView.m */,
				121432E11B689FEE009073FE /* HZPhotoBrowser.h */,
				121432E21B689FEE009073FE /* HZPhotoBrowser.m */,
				121432E31B689FEE009073FE /* HZPhotoBrowserConfig.h */,
				121432E41B689FEE009073FE /* HZPhotoBrowserView.h */,
				121432E51B689FEE009073FE /* HZPhotoBrowserView.m */,
				121432E61B689FEE009073FE /* whiteplaceholder.png */,
			);
			name = HZPhotoBrowser;
			path = MJRefresh/HZPhotoBrowser;
			sourceTree = "<group>";
		};
		121432EB1B68AB84009073FE /* WeChatSharing */ = {
			isa = PBXGroup;
			children = (
				121432EC1B68AB84009073FE /* Resources */,
				121432F01B68AB84009073FE /* WeChatActivityGeneral.swift */,
				121432F11B68AB84009073FE /* WeChatMomentsActivity.swift */,
				121432F21B68AB84009073FE /* WeChatSessionActivity.swift */,
			);
			path = WeChatSharing;
			sourceTree = "<group>";
		};
		121432EC1B68AB84009073FE /* Resources */ = {
			isa = PBXGroup;
			children = (
				121432ED1B68AB84009073FE /* libWeChatSDK.a */,
				121432EE1B68AB84009073FE /* WXApi.h */,
				121432EF1B68AB84009073FE /* WXApiObject.h */,
			);
			path = Resources;
			sourceTree = "<group>";
		};
		1287D1E61B6B29AE00C81CE9 /* Services */ = {
			isa = PBXGroup;
			children = (
				12D088211B6F1F5C00D1A14A /* ServiceApi.swift */,
			);
			name = Services;
			sourceTree = "<group>";
		};
		1287D1E71B6B29E000C81CE9 /* Controller */ = {
			isa = PBXGroup;
			children = (
				12BDFEFE1B67BB580068A1DC /* GagTableViewController.swift */,
				12BDFEFC1B67BB580068A1DC /* DiscoverTableViewController.swift */,
				12BDFE791B67BA6E0068A1DC /* ViewController.swift */,
				12A8129B1B6B706D00A34F58 /* LoginController.swift */,
				12A8129F1B6B724D00A34F58 /* UploadPhotoViewController.swift */,
				12A8129D1B6B708700A34F58 /* RegController.swift */,
				12BDFEFA1B67BB460068A1DC /* CommentsViewController.swift */,
				12BDFF041B67BB600068A1DC /* SettingTableViewController.swift */,
			);
			name = Controller;
			sourceTree = "<group>";
		};
		1287D1E81B6B2A1800C81CE9 /* Views */ = {
			isa = PBXGroup;
			children = (
				12BDFF081B67BBBA0068A1DC /* Main.storyboard */,
				12F968461B67C8500054B6DC /* CustomTableViewCell.swift */,
			);
			name = Views;
			sourceTree = "<group>";
		};
		1287D1E91B6B2A5C00C81CE9 /* images */ = {
			isa = PBXGroup;
			children = (
				1287D1E11B6B157D00C81CE9 /* gif.gif */,
			);
			name = images;
			sourceTree = "<group>";
		};
		1287D1EA1B6B2A8600C81CE9 /* Models */ = {
			isa = PBXGroup;
			children = (
				12BDFEFD1B67BB580068A1DC /* GagItem.swift */,
			);
			name = Models;
			sourceTree = "<group>";
		};
		1287D1EB1B6B2AF800C81CE9 /* Bridging */ = {
			isa = PBXGroup;
			children = (
				12BDFEF91B67BB460068A1DC /* bridge.h */,
			);
			name = Bridging;
			sourceTree = "<group>";
		};
		1287D1EC1B6B2B3C00C81CE9 /* Application */ = {
			isa = PBXGroup;
			children = (
				12BDFE771B67BA6E0068A1DC /* AppDelegate.swift */,
			);
			name = Application;
			sourceTree = "<group>";
		};
		1287D1ED1B6B2BB000C81CE9 /* ThirdPart */ = {
			isa = PBXGroup;
			children = (
				121432EB1B68AB84009073FE /* WeChatSharing */,
				12BDFED81B67BB0A0068A1DC /* ProgressHUD */,
				12BDFEAB1B67BB0A0068A1DC /* MJRefresh */,
				121432DE1B689FEE009073FE /* HZPhotoBrowser */,
			);
			name = ThirdPart;
			sourceTree = "<group>";
		};
		12BDFE691B67BA6E0068A1DC = {
			isa = PBXGroup;
			children = (
				1216CE7C1B68867000B10DAD /* Cartfile */,
				12BDFEA91B67BADF0068A1DC /* Podfile */,
				12BDFE741B67BA6E0068A1DC /* Boluoboluomi */,
				12BDFE8A1B67BA6E0068A1DC /* BoluoboluomiTests */,
				12BDFE731B67BA6E0068A1DC /* Products */,
				A582EAF2CD685C4DCC04059D /* Pods */,
				57AE4C31FF9A54FE277B36E6 /* Frameworks */,
			);
			sourceTree = "<group>";
		};
		12BDFE731B67BA6E0068A1DC /* Products */ = {
			isa = PBXGroup;
			children = (
				12BDFE721B67BA6E0068A1DC /* 菠萝菠萝蜜.app */,
				12BDFE871B67BA6E0068A1DC /* BoluoboluomiTests.xctest */,
			);
			name = Products;
			sourceTree = "<group>";
		};
		12BDFE741B67BA6E0068A1DC /* Boluoboluomi */ = {
			isa = PBXGroup;
			children = (
				1287D1EC1B6B2B3C00C81CE9 /* Application */,
				1287D1E91B6B2A5C00C81CE9 /* images */,
				12D088231B6F2BBA00D1A14A /* Utility */,
				1287D1E71B6B29E000C81CE9 /* Controller */,
				1287D1E81B6B2A1800C81CE9 /* Views */,
				1287D1EA1B6B2A8600C81CE9 /* Models */,
				1287D1E61B6B29AE00C81CE9 /* Services */,
				12BDFF061B67BB970068A1DC /* Images.xcassets */,
				12BDFE801B67BA6E0068A1DC /* LaunchScreen.xib */,
				1287D1ED1B6B2BB000C81CE9 /* ThirdPart */,
				1287D1EB1B6B2AF800C81CE9 /* Bridging */,
				12BDFE751B67BA6E0068A1DC /* Supporting Files */,
			);
			path = Boluoboluomi;
			sourceTree = "<group>";
		};
		12BDFE751B67BA6E0068A1DC /* Supporting Files */ = {
			isa = PBXGroup;
			children = (
				12BDFE761B67BA6E0068A1DC /* Info.plist */,
			);
			name = "Supporting Files";
			sourceTree = "<group>";
		};
		12BDFE8A1B67BA6E0068A1DC /* BoluoboluomiTests */ = {
			isa = PBXGroup;
			children = (
				12BDFE8D1B67BA6E0068A1DC /* BoluoboluomiTests.swift */,
				12BDFE8B1B67BA6E0068A1DC /* Supporting Files */,
			);
			path = BoluoboluomiTests;
			sourceTree = "<group>";
		};
		12BDFE8B1B67BA6E0068A1DC /* Supporting Files */ = {
			isa = PBXGroup;
			children = (
				12BDFE8C1B67BA6E0068A1DC /* Info.plist */,
			);
			name = "Supporting Files";
			sourceTree = "<group>";
		};
		12BDFEAB1B67BB0A0068A1DC /* MJRefresh */ = {
			isa = PBXGroup;
			children = (
				12BDFEAC1B67BB0A0068A1DC /* Base */,
				12BDFEB71B67BB0A0068A1DC /* Custom */,
				12BDFECE1B67BB0A0068A1DC /* MJRefresh.bundle */,
				12BDFECF1B67BB0A0068A1DC /* MJRefresh.h */,
				12BDFED01B67BB0A0068A1DC /* MJRefreshConst.h */,
				12BDFED11B67BB0A0068A1DC /* MJRefreshConst.m */,
				12BDFED21B67BB0A0068A1DC /* UIScrollView+MJExtension.h */,
				12BDFED31B67BB0A0068A1DC /* UIScrollView+MJExtension.m */,
				12BDFED41B67BB0A0068A1DC /* UIScrollView+MJRefresh.h */,
				12BDFED51B67BB0A0068A1DC /* UIScrollView+MJRefresh.m */,
				12BDFED61B67BB0A0068A1DC /* UIView+MJExtension.h */,
				12BDFED71B67BB0A0068A1DC /* UIView+MJExtension.m */,
			);
			path = MJRefresh;
			sourceTree = "<group>";
		};
		12BDFEAC1B67BB0A0068A1DC /* Base */ = {
			isa = PBXGroup;
			children = (
				12BDFEAD1B67BB0A0068A1DC /* MJRefreshAutoFooter.h */,
				12BDFEAE1B67BB0A0068A1DC /* MJRefreshAutoFooter.m */,
				12BDFEAF1B67BB0A0068A1DC /* MJRefreshBackFooter.h */,
				12BDFEB01B67BB0A0068A1DC /* MJRefreshBackFooter.m */,
				12BDFEB11B67BB0A0068A1DC /* MJRefreshComponent.h */,
				12BDFEB21B67BB0A0068A1DC /* MJRefreshComponent.m */,
				12BDFEB31B67BB0A0068A1DC /* MJRefreshFooter.h */,
				12BDFEB41B67BB0A0068A1DC /* MJRefreshFooter.m */,
				12BDFEB51B67BB0A0068A1DC /* MJRefreshHeader.h */,
				12BDFEB61B67BB0A0068A1DC /* MJRefreshHeader.m */,
			);
			path = Base;
			sourceTree = "<group>";
		};
		12BDFEB71B67BB0A0068A1DC /* Custom */ = {
			isa = PBXGroup;
			children = (
				12BDFEB81B67BB0A0068A1DC /* Footer */,
				12BDFEC71B67BB0A0068A1DC /* Header */,
			);
			path = Custom;
			sourceTree = "<group>";
		};
		12BDFEB81B67BB0A0068A1DC /* Footer */ = {
			isa = PBXGroup;
			children = (
				12BDFEB91B67BB0A0068A1DC /* Auto */,
				12BDFEC01B67BB0A0068A1DC /* Back */,
			);
			path = Footer;
			sourceTree = "<group>";
		};
		12BDFEB91B67BB0A0068A1DC /* Auto */ = {
			isa = PBXGroup;
			children = (
				12BDFEBA1B67BB0A0068A1DC /* MJRefreshAutoGifFooter.h */,
				12BDFEBB1B67BB0A0068A1DC /* MJRefreshAutoGifFooter.m */,
				12BDFEBC1B67BB0A0068A1DC /* MJRefreshAutoNormalFooter.h */,
				12BDFEBD1B67BB0A0068A1DC /* MJRefreshAutoNormalFooter.m */,
				12BDFEBE1B67BB0A0068A1DC /* MJRefreshAutoStateFooter.h */,
				12BDFEBF1B67BB0A0068A1DC /* MJRefreshAutoStateFooter.m */,
			);
			path = Auto;
			sourceTree = "<group>";
		};
		12BDFEC01B67BB0A0068A1DC /* Back */ = {
			isa = PBXGroup;
			children = (
				12BDFEC11B67BB0A0068A1DC /* MJRefreshBackGifFooter.h */,
				12BDFEC21B67BB0A0068A1DC /* MJRefreshBackGifFooter.m */,
				12BDFEC31B67BB0A0068A1DC /* MJRefreshBackNormalFooter.h */,
				12BDFEC41B67BB0A0068A1DC /* MJRefreshBackNormalFooter.m */,
				12BDFEC51B67BB0A0068A1DC /* MJRefreshBackStateFooter.h */,
				12BDFEC61B67BB0A0068A1DC /* MJRefreshBackStateFooter.m */,
			);
			path = Back;
			sourceTree = "<group>";
		};
		12BDFEC71B67BB0A0068A1DC /* Header */ = {
			isa = PBXGroup;
			children = (
				12BDFEC81B67BB0A0068A1DC /* MJRefreshGifHeader.h */,
				12BDFEC91B67BB0A0068A1DC /* MJRefreshGifHeader.m */,
				12BDFECA1B67BB0A0068A1DC /* MJRefreshNormalHeader.h */,
				12BDFECB1B67BB0A0068A1DC /* MJRefreshNormalHeader.m */,
				12BDFECC1B67BB0A0068A1DC /* MJRefreshStateHeader.h */,
				12BDFECD1B67BB0A0068A1DC /* MJRefreshStateHeader.m */,
			);
			path = Header;
			sourceTree = "<group>";
		};
		12BDFED81B67BB0A0068A1DC /* ProgressHUD */ = {
			isa = PBXGroup;
			children = (
				12BDFED91B67BB0A0068A1DC /* ProgressHUD.bundle */,
				12BDFEDA1B67BB0A0068A1DC /* ProgressHUD.h */,
				12BDFEDB1B67BB0A0068A1DC /* ProgressHUD.m */,
			);
			path = ProgressHUD;
			sourceTree = "<group>";
		};
		12D088231B6F2BBA00D1A14A /* Utility */ = {
			isa = PBXGroup;
			children = (
				12D088241B6F2BCC00D1A14A /* Utility.swift */,
			);
			name = Utility;
			sourceTree = "<group>";
		};
		57AE4C31FF9A54FE277B36E6 /* Frameworks */ = {
			isa = PBXGroup;
			children = (
				97A432C44C0C46096793631F /* Pods.framework */,
			);
			name = Frameworks;
			sourceTree = "<group>";
		};
		A582EAF2CD685C4DCC04059D /* Pods */ = {
			isa = PBXGroup;
			children = (
				01B6A62EF1F9801EF1D32AF7 /* Pods.debug.xcconfig */,
				2A78FA542A696BF5A1963713 /* Pods.release.xcconfig */,
			);
			name = Pods;
			sourceTree = "<group>";
		};
/* End PBXGroup section */

/* Begin PBXNativeTarget section */
		12BDFE711B67BA6E0068A1DC /* Boluoboluomi */ = {
			isa = PBXNativeTarget;
			buildConfigurationList = 12BDFE911B67BA6E0068A1DC /* Build configuration list for PBXNativeTarget "Boluoboluomi" */;
			buildPhases = (
				E4D00362299C3420567C8B09 /* Check Pods Manifest.lock */,
				12BDFE6E1B67BA6E0068A1DC /* Sources */,
				12BDFE6F1B67BA6E0068A1DC /* Frameworks */,
				12BDFE701B67BA6E0068A1DC /* Resources */,
				0A5CC4B999C06936EC89536B /* Embed Pods Frameworks */,
				88E89B33F1886A84E2035341 /* Copy Pods Resources */,
			);
			buildRules = (
			);
			dependencies = (
			);
			name = Boluoboluomi;
			productName = Boluoboluomi;
			productReference = 12BDFE721B67BA6E0068A1DC /* 菠萝菠萝蜜.app */;
			productType = "com.apple.product-type.application";
		};
		12BDFE861B67BA6E0068A1DC /* BoluoboluomiTests */ = {
			isa = PBXNativeTarget;
			buildConfigurationList = 12BDFE941B67BA6E0068A1DC /* Build configuration list for PBXNativeTarget "BoluoboluomiTests" */;
			buildPhases = (
				12BDFE831B67BA6E0068A1DC /* Sources */,
				12BDFE841B67BA6E0068A1DC /* Frameworks */,
				12BDFE851B67BA6E0068A1DC /* Resources */,
			);
			buildRules = (
			);
			dependencies = (
				12BDFE891B67BA6E0068A1DC /* PBXTargetDependency */,
			);
			name = BoluoboluomiTests;
			productName = BoluoboluomiTests;
			productReference = 12BDFE871B67BA6E0068A1DC /* BoluoboluomiTests.xctest */;
			productType = "com.apple.product-type.bundle.unit-test";
		};
/* End PBXNativeTarget section */

/* Begin PBXProject section */
		12BDFE6A1B67BA6E0068A1DC /* Project object */ = {
			isa = PBXProject;
			attributes = {
				LastUpgradeCheck = 0640;
				ORGANIZATIONNAME = lizhijun;
				TargetAttributes = {
					12BDFE711B67BA6E0068A1DC = {
						CreatedOnToolsVersion = 6.4;
					};
					12BDFE861B67BA6E0068A1DC = {
						CreatedOnToolsVersion = 6.4;
						TestTargetID = 12BDFE711B67BA6E0068A1DC;
					};
				};
			};
			buildConfigurationList = 12BDFE6D1B67BA6E0068A1DC /* Build configuration list for PBXProject "Boluoboluomi" */;
			compatibilityVersion = "Xcode 3.2";
			developmentRegion = English;
			hasScannedForEncodings = 0;
			knownRegions = (
				en,
				Base,
			);
			mainGroup = 12BDFE691B67BA6E0068A1DC;
			productRefGroup = 12BDFE731B67BA6E0068A1DC /* Products */;
			projectDirPath = "";
			projectRoot = "";
			targets = (
				12BDFE711B67BA6E0068A1DC /* Boluoboluomi */,
				12BDFE861B67BA6E0068A1DC /* BoluoboluomiTests */,
			);
		};
/* End PBXProject section */

/* Begin PBXResourcesBuildPhase section */
		12BDFE701B67BA6E0068A1DC /* Resources */ = {
			isa = PBXResourcesBuildPhase;
			buildActionMask = 2147483647;
			files = (
				12BDFF091B67BBBA0068A1DC /* Main.storyboard in Resources */,
				1216CE7D1B68867000B10DAD /* Cartfile in Resources */,
				12BDFE821B67BA6E0068A1DC /* LaunchScreen.xib in Resources */,
				121432EA1B689FEE009073FE /* whiteplaceholder.png in Resources */,
				12BDFEF51B67BB0A0068A1DC /* ProgressHUD.bundle in Resources */,
				12BDFF071B67BB970068A1DC /* Images.xcassets in Resources */,
				1287D1E21B6B157D00C81CE9 /* gif.gif in Resources */,
				12BDFEAA1B67BADF0068A1DC /* Podfile in Resources */,
				12BDFEF01B67BB0A0068A1DC /* MJRefresh.bundle in Resources */,
			);
			runOnlyForDeploymentPostprocessing = 0;
		};
		12BDFE851B67BA6E0068A1DC /* Resources */ = {
			isa = PBXResourcesBuildPhase;
			buildActionMask = 2147483647;
			files = (
			);
			runOnlyForDeploymentPostprocessing = 0;
		};
/* End PBXResourcesBuildPhase section */

/* Begin PBXShellScriptBuildPhase section */
		0A5CC4B999C06936EC89536B /* Embed Pods Frameworks */ = {
			isa = PBXShellScriptBuildPhase;
			buildActionMask = 2147483647;
			files = (
			);
			inputPaths = (
			);
			name = "Embed Pods Frameworks";
			outputPaths = (
			);
			runOnlyForDeploymentPostprocessing = 0;
			shellPath = /bin/sh;
			shellScript = "\"${SRCROOT}/Pods/Target Support Files/Pods/Pods-frameworks.sh\"\n";
			showEnvVarsInLog = 0;
		};
		88E89B33F1886A84E2035341 /* Copy Pods Resources */ = {
			isa = PBXShellScriptBuildPhase;
			buildActionMask = 2147483647;
			files = (
			);
			inputPaths = (
			);
			name = "Copy Pods Resources";
			outputPaths = (
			);
			runOnlyForDeploymentPostprocessing = 0;
			shellPath = /bin/sh;
			shellScript = "\"${SRCROOT}/Pods/Target Support Files/Pods/Pods-resources.sh\"\n";
			showEnvVarsInLog = 0;
		};
		E4D00362299C3420567C8B09 /* Check Pods Manifest.lock */ = {
			isa = PBXShellScriptBuildPhase;
			buildActionMask = 2147483647;
			files = (
			);
			inputPaths = (
			);
			name = "Check Pods Manifest.lock";
			outputPaths = (
			);
			runOnlyForDeploymentPostprocessing = 0;
			shellPath = /bin/sh;
			shellScript = "diff \"${PODS_ROOT}/../Podfile.lock\" \"${PODS_ROOT}/Manifest.lock\" > /dev/null\nif [[ $? != 0 ]] ; then\n    cat << EOM\nerror: The sandbox is not in sync with the Podfile.lock. Run 'pod install' or update your CocoaPods installation.\nEOM\n    exit 1\nfi\n";
			showEnvVarsInLog = 0;
		};
/* End PBXShellScriptBuildPhase section */

/* Begin PBXSourcesBuildPhase section */
		12BDFE6E1B67BA6E0068A1DC /* Sources */ = {
			isa = PBXSourcesBuildPhase;
			buildActionMask = 2147483647;
			files = (
				12BDFF051B67BB600068A1DC /* SettingTableViewController.swift in Sources */,
				12BDFEF21B67BB0A0068A1DC /* UIScrollView+MJExtension.m in Sources */,
				121432F51B68AB84009073FE /* WeChatMomentsActivity.swift in Sources */,
				121432E81B689FEE009073FE /* HZPhotoBrowser.m in Sources */,
				12BDFE7A1B67BA6E0068A1DC /* ViewController.swift in Sources */,
				121432F61B68AB84009073FE /* WeChatSessionActivity.swift in Sources */,
				12D088251B6F2BCC00D1A14A /* Utility.swift in Sources */,
				12BDFEEF1B67BB0A0068A1DC /* MJRefreshStateHeader.m in Sources */,
				121432E71B689FEE009073FE /* HZIndicatorView.m in Sources */,
				12BDFF001B67BB580068A1DC /* DiscoverTableViewController.swift in Sources */,
				12BDFEF61B67BB0A0068A1DC /* ProgressHUD.m in Sources */,
				12BDFEE21B67BB0A0068A1DC /* MJRefreshAutoFooter.m in Sources */,
				12BDFF021B67BB580068A1DC /* GagTableViewController.swift in Sources */,
				12BDFEEC1B67BB0A0068A1DC /* MJRefreshBackStateFooter.m in Sources */,
				12BDFEF11B67BB0A0068A1DC /* MJRefreshConst.m in Sources */,
				12BDFEE91B67BB0A0068A1DC /* MJRefreshAutoStateFooter.m in Sources */,
				12BDFEE41B67BB0A0068A1DC /* MJRefreshComponent.m in Sources */,
				12A8129E1B6B708700A34F58 /* RegController.swift in Sources */,
				12BDFEE61B67BB0A0068A1DC /* MJRefreshHeader.m in Sources */,
				12D088221B6F1F5C00D1A14A /* ServiceApi.swift in Sources */,
				12BDFEEE1B67BB0A0068A1DC /* MJRefreshNormalHeader.m in Sources */,
				12BDFEF31B67BB0A0068A1DC /* UIScrollView+MJRefresh.m in Sources */,
				12BDFEF41B67BB0A0068A1DC /* UIView+MJExtension.m in Sources */,
				12BDFEEA1B67BB0A0068A1DC /* MJRefreshBackGifFooter.m in Sources */,
				12BDFEE31B67BB0A0068A1DC /* MJRefreshBackFooter.m in Sources */,
				121432F41B68AB84009073FE /* WeChatActivityGeneral.swift in Sources */,
				12BDFF011B67BB580068A1DC /* GagItem.swift in Sources */,
				12BDFEE81B67BB0A0068A1DC /* MJRefreshAutoNormalFooter.m in Sources */,
				12BDFE781B67BA6E0068A1DC /* AppDelegate.swift in Sources */,
				12BDFEED1B67BB0A0068A1DC /* MJRefreshGifHeader.m in Sources */,
				12A812A01B6B724D00A34F58 /* UploadPhotoViewController.swift in Sources */,
				121432E91B689FEE009073FE /* HZPhotoBrowserView.m in Sources */,
				12BDFEFB1B67BB460068A1DC /* CommentsViewController.swift in Sources */,
				12BDFEEB1B67BB0A0068A1DC /* MJRefreshBackNormalFooter.m in Sources */,
				12A8129C1B6B706D00A34F58 /* LoginController.swift in Sources */,
				12BDFEE51B67BB0A0068A1DC /* MJRefreshFooter.m in Sources */,
				12BDFEE71B67BB0A0068A1DC /* MJRefreshAutoGifFooter.m in Sources */,
				12F968471B67C8500054B6DC /* CustomTableViewCell.swift in Sources */,
			);
			runOnlyForDeploymentPostprocessing = 0;
		};
		12BDFE831B67BA6E0068A1DC /* Sources */ = {
			isa = PBXSourcesBuildPhase;
			buildActionMask = 2147483647;
			files = (
				12BDFE8E1B67BA6E0068A1DC /* BoluoboluomiTests.swift in Sources */,
			);
			runOnlyForDeploymentPostprocessing = 0;
		};
/* End PBXSourcesBuildPhase section */

/* Begin PBXTargetDependency section */
		12BDFE891B67BA6E0068A1DC /* PBXTargetDependency */ = {
			isa = PBXTargetDependency;
			target = 12BDFE711B67BA6E0068A1DC /* Boluoboluomi */;
			targetProxy = 12BDFE881B67BA6E0068A1DC /* PBXContainerItemProxy */;
		};
/* End PBXTargetDependency section */

/* Begin PBXVariantGroup section */
		12BDFE801B67BA6E0068A1DC /* LaunchScreen.xib */ = {
			isa = PBXVariantGroup;
			children = (
				12BDFE811B67BA6E0068A1DC /* Base */,
			);
			name = LaunchScreen.xib;
			sourceTree = "<group>";
		};
/* End PBXVariantGroup section */

/* Begin XCBuildConfiguration section */
		12BDFE8F1B67BA6E0068A1DC /* Debug */ = {
			isa = XCBuildConfiguration;
			buildSettings = {
				ALWAYS_SEARCH_USER_PATHS = NO;
				CLANG_CXX_LANGUAGE_STANDARD = "gnu++0x";
				CLANG_CXX_LIBRARY = "libc++";
				CLANG_ENABLE_MODULES = YES;
				CLANG_ENABLE_OBJC_ARC = YES;
				CLANG_WARN_BOOL_CONVERSION = YES;
				CLANG_WARN_CONSTANT_CONVERSION = YES;
				CLANG_WARN_DIRECT_OBJC_ISA_USAGE = YES_ERROR;
				CLANG_WARN_EMPTY_BODY = YES;
				CLANG_WARN_ENUM_CONVERSION = YES;
				CLANG_WARN_INT_CONVERSION = YES;
				CLANG_WARN_OBJC_ROOT_CLASS = YES_ERROR;
				CLANG_WARN_UNREACHABLE_CODE = YES;
				CLANG_WARN__DUPLICATE_METHOD_MATCH = YES;
				"CODE_SIGN_IDENTITY[sdk=iphoneos*]" = "iPhone Developer";
				COPY_PHASE_STRIP = NO;
				DEBUG_INFORMATION_FORMAT = "dwarf-with-dsym";
				ENABLE_STRICT_OBJC_MSGSEND = YES;
				GCC_C_LANGUAGE_STANDARD = gnu99;
				GCC_DYNAMIC_NO_PIC = NO;
				GCC_NO_COMMON_BLOCKS = YES;
				GCC_OPTIMIZATION_LEVEL = 0;
				GCC_PREPROCESSOR_DEFINITIONS = (
					"DEBUG=1",
					"$(inherited)",
				);
				GCC_SYMBOLS_PRIVATE_EXTERN = NO;
				GCC_WARN_64_TO_32_BIT_CONVERSION = YES;
				GCC_WARN_ABOUT_RETURN_TYPE = YES_ERROR;
				GCC_WARN_UNDECLARED_SELECTOR = YES;
				GCC_WARN_UNINITIALIZED_AUTOS = YES_AGGRESSIVE;
				GCC_WARN_UNUSED_FUNCTION = YES;
				GCC_WARN_UNUSED_VARIABLE = YES;
				IPHONEOS_DEPLOYMENT_TARGET = 8.4;
				MTL_ENABLE_DEBUG_INFO = YES;
				ONLY_ACTIVE_ARCH = YES;
				SDKROOT = iphoneos;
				SWIFT_OPTIMIZATION_LEVEL = "-Onone";
			};
			name = Debug;
		};
		12BDFE901B67BA6E0068A1DC /* Release */ = {
			isa = XCBuildConfiguration;
			buildSettings = {
				ALWAYS_SEARCH_USER_PATHS = NO;
				CLANG_CXX_LANGUAGE_STANDARD = "gnu++0x";
				CLANG_CXX_LIBRARY = "libc++";
				CLANG_ENABLE_MODULES = YES;
				CLANG_ENABLE_OBJC_ARC = YES;
				CLANG_WARN_BOOL_CONVERSION = YES;
				CLANG_WARN_CONSTANT_CONVERSION = YES;
				CLANG_WARN_DIRECT_OBJC_ISA_USAGE = YES_ERROR;
				CLANG_WARN_EMPTY_BODY = YES;
				CLANG_WARN_ENUM_CONVERSION = YES;
				CLANG_WARN_INT_CONVERSION = YES;
				CLANG_WARN_OBJC_ROOT_CLASS = YES_ERROR;
				CLANG_WARN_UNREACHABLE_CODE = YES;
				CLANG_WARN__DUPLICATE_METHOD_MATCH = YES;
				"CODE_SIGN_IDENTITY[sdk=iphoneos*]" = "iPhone Developer";
				COPY_PHASE_STRIP = NO;
				DEBUG_INFORMATION_FORMAT = "dwarf-with-dsym";
				ENABLE_NS_ASSERTIONS = NO;
				ENABLE_STRICT_OBJC_MSGSEND = YES;
				GCC_C_LANGUAGE_STANDARD = gnu99;
				GCC_NO_COMMON_BLOCKS = YES;
				GCC_WARN_64_TO_32_BIT_CONVERSION = YES;
				GCC_WARN_ABOUT_RETURN_TYPE = YES_ERROR;
				GCC_WARN_UNDECLARED_SELECTOR = YES;
				GCC_WARN_UNINITIALIZED_AUTOS = YES_AGGRESSIVE;
				GCC_WARN_UNUSED_FUNCTION = YES;
				GCC_WARN_UNUSED_VARIABLE = YES;
				IPHONEOS_DEPLOYMENT_TARGET = 8.4;
				MTL_ENABLE_DEBUG_INFO = NO;
				SDKROOT = iphoneos;
				VALIDATE_PRODUCT = YES;
			};
			name = Release;
		};
		12BDFE921B67BA6E0068A1DC /* Debug */ = {
			isa = XCBuildConfiguration;
			baseConfigurationReference = 01B6A62EF1F9801EF1D32AF7 /* Pods.debug.xcconfig */;
			buildSettings = {
				ASSETCATALOG_COMPILER_APPICON_NAME = AppIcon;
				ASSETCATALOG_COMPILER_LAUNCHIMAGE_NAME = LaunchImage;
				FRAMEWORK_SEARCH_PATHS = (
					"$(inherited)",
					"$(PROJECT_DIR)/Carthage/Build/iOS",
				);
				INFOPLIST_FILE = Boluoboluomi/Info.plist;
				LD_RUNPATH_SEARCH_PATHS = "$(inherited) @executable_path/Frameworks";
				LIBRARY_SEARCH_PATHS = (
					"$(inherited)",
					"$(PROJECT_DIR)/Boluoboluomi/WeChatSharing/Resources",
				);
				PRODUCT_NAME = "菠萝菠萝蜜";
				SWIFT_OBJC_BRIDGING_HEADER = Boluoboluomi/bridge.h;
			};
			name = Debug;
		};
		12BDFE931B67BA6E0068A1DC /* Release */ = {
			isa = XCBuildConfiguration;
			baseConfigurationReference = 2A78FA542A696BF5A1963713 /* Pods.release.xcconfig */;
			buildSettings = {
				ASSETCATALOG_COMPILER_APPICON_NAME = AppIcon;
				ASSETCATALOG_COMPILER_LAUNCHIMAGE_NAME = LaunchImage;
				FRAMEWORK_SEARCH_PATHS = (
					"$(inherited)",
					"$(PROJECT_DIR)/Carthage/Build/iOS",
				);
				INFOPLIST_FILE = Boluoboluomi/Info.plist;
				LD_RUNPATH_SEARCH_PATHS = "$(inherited) @executable_path/Frameworks";
				LIBRARY_SEARCH_PATHS = (
					"$(inherited)",
					"$(PROJECT_DIR)/Boluoboluomi/WeChatSharing/Resources",
				);
				PRODUCT_NAME = "菠萝菠萝蜜";
				SWIFT_OBJC_BRIDGING_HEADER = Boluoboluomi/bridge.h;
			};
			name = Release;
		};
		12BDFE951B67BA6E0068A1DC /* Debug */ = {
			isa = XCBuildConfiguration;
			buildSettings = {
				BUNDLE_LOADER = "$(TEST_HOST)";
				ENABLE_NS_ASSERTIONS = YES;
				ENABLE_STRICT_OBJC_MSGSEND = YES;
				FRAMEWORK_SEARCH_PATHS = (
					"$(SDKROOT)/Developer/Library/Frameworks",
					"$(inherited)",
				);
				GCC_PREPROCESSOR_DEFINITIONS = (
					"DEBUG=1",
					"$(inherited)",
				);
				INFOPLIST_FILE = BoluoboluomiTests/Info.plist;
				LD_RUNPATH_SEARCH_PATHS = "$(inherited) @executable_path/Frameworks @loader_path/Frameworks";
				PRODUCT_NAME = "$(TARGET_NAME)";
				TEST_HOST = "$(BUILT_PRODUCTS_DIR)/Boluoboluomi.app/Boluoboluomi";
			};
			name = Debug;
		};
		12BDFE961B67BA6E0068A1DC /* Release */ = {
			isa = XCBuildConfiguration;
			buildSettings = {
				BUNDLE_LOADER = "$(TEST_HOST)";
				ENABLE_NS_ASSERTIONS = YES;
				ENABLE_STRICT_OBJC_MSGSEND = YES;
				FRAMEWORK_SEARCH_PATHS = (
					"$(SDKROOT)/Developer/Library/Frameworks",
					"$(inherited)",
				);
				INFOPLIST_FILE = BoluoboluomiTests/Info.plist;
				LD_RUNPATH_SEARCH_PATHS = "$(inherited) @executable_path/Frameworks @loader_path/Frameworks";
				PRODUCT_NAME = "$(TARGET_NAME)";
				TEST_HOST = "$(BUILT_PRODUCTS_DIR)/Boluoboluomi.app/Boluoboluomi";
			};
			name = Release;
		};
/* End XCBuildConfiguration section */

/* Begin XCConfigurationList section */
		12BDFE6D1B67BA6E0068A1DC /* Build configuration list for PBXProject "Boluoboluomi" */ = {
			isa = XCConfigurationList;
			buildConfigurations = (
				12BDFE8F1B67BA6E0068A1DC /* Debug */,
				12BDFE901B67BA6E0068A1DC /* Release */,
			);
			defaultConfigurationIsVisible = 0;
			defaultConfigurationName = Release;
		};
		12BDFE911B67BA6E0068A1DC /* Build configuration list for PBXNativeTarget "Boluoboluomi" */ = {
			isa = XCConfigurationList;
			buildConfigurations = (
				12BDFE921B67BA6E0068A1DC /* Debug */,
				12BDFE931B67BA6E0068A1DC /* Release */,
			);
			defaultConfigurationIsVisible = 0;
			defaultConfigurationName = Release;
		};
		12BDFE941B67BA6E0068A1DC /* Build configuration list for PBXNativeTarget "BoluoboluomiTests" */ = {
			isa = XCConfigurationList;
			buildConfigurations = (
				12BDFE951B67BA6E0068A1DC /* Debug */,
				12BDFE961B67BA6E0068A1DC /* Release */,
			);
			defaultConfigurationIsVisible = 0;
			defaultConfigurationName = Release;
		};
/* End XCConfigurationList section */
	};
	rootObject = 12BDFE6A1B67BA6E0068A1DC /* Project object */;
}
